<?xml version="1.0" encoding="utf-8"?>
<Project ToolsVersion="4.0" xmlns="http://schemas.microsoft.com/developer/msbuild/2003">
  <ItemGroup>
    <Filter Include="src">
      <UniqueIdentifier>{8e6e782d-deb2-4ffe-a3fd-190c8dcb37ed}</UniqueIdentifier>
    </Filter>
    <Filter Include="header">
      <UniqueIdentifier>{b8f58fb9-cdf3-4aac-a4d4-a4c1106d05aa}</UniqueIdentifier>
    </Filter>
  </ItemGroup>
  <ItemGroup>
    <FxCompile Include="..\patapom\src\shader\cs_pathtracer.hlsl">
      <Filter>src</Filter>
    </FxCompile>
    <FxCompile Include="..\patapom\src\shader\ps.hlsl">
      <Filter>src</Filter>
    </FxCompile>
    <FxCompile Include="..\patapom\src\shader\ps_deferred.hlsl">
      <Filter>src</Filter>
    </FxCompile>
    <FxCompile Include="..\patapom\src\shader\ps_pathtracer_copydepth.hlsl">
      <Filter>src</Filter>
    </FxCompile>
    <FxCompile Include="..\patapom\src\shader\ps_pathtracer_debug_cube.hlsl">
      <Filter>src</Filter>
    </FxCompile>
    <FxCompile Include="..\patapom\src\shader\ps_pathtracer_debug_fullscreen.hlsl">
      <Filter>src</Filter>
    </FxCompile>
    <FxCompile Include="..\patapom\src\shader\ps_pathtracer_debug_line.hlsl">
      <Filter>src</Filter>
    </FxCompile>
    <FxCompile Include="..\patapom\src\shader\ps_pom.hlsl">
      <Filter>src</Filter>
    </FxCompile>
    <FxCompile Include="..\patapom\src\shader\ps_prefilterEnvMap.hlsl">
      <Filter>src</Filter>
    </FxCompile>
    <FxCompile Include="..\patapom\src\shader\ps_prepareLUT.hlsl">
      <Filter>src</Filter>
    </FxCompile>
    <FxCompile Include="..\patapom\src\shader\ps_sky.hlsl">
      <Filter>src</Filter>
    </FxCompile>
    <FxCompile Include="..\patapom\src\shader\vs.hlsl">
      <Filter>src</Filter>
    </FxCompile>
    <FxCompile Include="..\patapom\src\shader\vs_deferred.hlsl">
      <Filter>src</Filter>
    </FxCompile>
    <FxCompile Include="..\patapom\src\shader\vs_pathtracer_copydepth.hlsl">
      <Filter>src</Filter>
    </FxCompile>
    <FxCompile Include="..\patapom\src\shader\vs_pathtracer_debug_cube.hlsl">
      <Filter>src</Filter>
    </FxCompile>
    <FxCompile Include="..\patapom\src\shader\vs_pathtracer_debug_line.hlsl">
      <Filter>src</Filter>
    </FxCompile>
    <FxCompile Include="..\patapom\src\shader\cs_pathtracer_radixsort_poll.hlsl">
      <Filter>src</Filter>
    </FxCompile>
    <FxCompile Include="..\patapom\src\shader\cs_pathtracer_radixsort_reorder.hlsl">
      <Filter>src</Filter>
    </FxCompile>
    <FxCompile Include="..\patapom\src\shader\cs_pathtracer_buildbvh.hlsl">
      <Filter>src</Filter>
    </FxCompile>
    <FxCompile Include="..\patapom\src\shader\cs_pathtracer_buildbvh_update.hlsl">
      <Filter>src</Filter>
    </FxCompile>
    <FxCompile Include="..\patapom\src\shader\cs_pathtracer_radixsort_init.hlsl">
      <Filter>src</Filter>
    </FxCompile>
    <FxCompile Include="..\patapom\src\shader\cs_pathtracer_radixsort_upsweep.hlsl">
      <Filter>src</Filter>
    </FxCompile>
    <FxCompile Include="..\patapom\src\shader\cs_pathtracer_radixsort_downsweep.hlsl">
      <Filter>src</Filter>
    </FxCompile>
    <FxCompile Include="..\patapom\src\shader\cs_watersim_p2g.hlsl">
      <Filter>src</Filter>
    </FxCompile>
    <FxCompile Include="..\patapom\src\shader\cs_watersim_g2p.hlsl">
      <Filter>src</Filter>
    </FxCompile>
    <FxCompile Include="..\patapom\src\shader\cs_watersim_rasterizer.hlsl">
      <Filter>src</Filter>
    </FxCompile>
    <FxCompile Include="..\patapom\src\shader\cs_watersim_updategrid.hlsl">
      <Filter>src</Filter>
    </FxCompile>
    <FxCompile Include="..\patapom\src\shader\cs_watersim_project.hlsl">
      <Filter>src</Filter>
    </FxCompile>
    <FxCompile Include="..\patapom\src\shader\ps_pathtracer_blitbackbuffer.hlsl">
      <Filter>src</Filter>
    </FxCompile>
    <FxCompile Include="..\patapom\src\shader\ps_watersim_blitbackbuffer.hlsl">
      <Filter>src</Filter>
    </FxCompile>
    <FxCompile Include="..\patapom\src\shader\cs_watersim_clearminmaxbuffer.hlsl">
      <Filter>src</Filter>
    </FxCompile>
    <FxCompile Include="..\patapom\src\shader\cs_watersim_resetparticles.hlsl">
      <Filter>src</Filter>
    </FxCompile>
    <FxCompile Include="..\patapom\src\shader\cs_watersim_resetgrid.hlsl">
      <Filter>src</Filter>
    </FxCompile>
    <FxCompile Include="..\patapom\src\shader\ps_watersim_debug_cube.hlsl">
      <Filter>src</Filter>
    </FxCompile>
    <FxCompile Include="..\patapom\src\shader\ps_watersim_debug_line.hlsl">
      <Filter>src</Filter>
    </FxCompile>
    <FxCompile Include="..\patapom\src\shader\vs_watersim_debug_cube.hlsl">
      <Filter>src</Filter>
    </FxCompile>
    <FxCompile Include="..\patapom\src\shader\vs_watersim_debug_line.hlsl">
      <Filter>src</Filter>
    </FxCompile>
    <FxCompile Include="..\patapom\src\shader\cs_watersim_preupdategrid.hlsl">
      <Filter>src</Filter>
    </FxCompile>
    <FxCompile Include="..\patapom\src\shader\cs_watersim_updateparticles.hlsl">
      <Filter>src</Filter>
    </FxCompile>
    <FxCompile Include="..\patapom\src\shader\cs_watersim_preupdateparticles.hlsl">
      <Filter>src</Filter>
    </FxCompile>
    <FxCompile Include="..\patapom\src\shader\ps_shadertoydebug.hlsl">
      <Filter>src</Filter>
    </FxCompile>
    <FxCompile Include="..\patapom\src\shader\vs_watersim_rasterizer.hlsl">
      <Filter>src</Filter>
    </FxCompile>
    <FxCompile Include="..\patapom\src\shader\ps_watersim_rasterizer.hlsl">
      <Filter>src</Filter>
    </FxCompile>
  </ItemGroup>
  <ItemGroup>
    <None Include="..\patapom\src\shader\Lighting.hlsli">
      <Filter>header</Filter>
    </None>
    <None Include="..\patapom\src\shader\PathTracerUtil.hlsli">
      <Filter>header</Filter>
    </None>
    <None Include="..\patapom\src\shader\Pom.hlsli">
      <Filter>header</Filter>
    </None>
    <None Include="..\patapom\src\shader\WaterSimCellFaceResourceUtil.hlsli">
      <Filter>header</Filter>
    </None>
    <None Include="..\patapom\src\shader\WaterSimCellResourceUtil.hlsli">
      <Filter>header</Filter>
    </None>
    <None Include="..\patapom\src\shader\WaterSimUtil.hlsli">
      <Filter>header</Filter>
    </None>
    <None Include="..\patapom\src\shader\ShaderInclude.hlsli">
      <Filter>header</Filter>
    </None>
  </ItemGroup>
</Project>